
Microsoft Visual Studio Solution File, Format Version 12.00
# Visual Studio Version 16
VisualStudioVersion = 16.0.30011.22
MinimumVisualStudioVersion = 10.0.40219.1
Project("{FAE04EC0-301F-11D3-BF4B-00C04F79EFBC}") = "alg_lab7_p2", "alg_lab7_p2\alg_lab7_p2.csproj", "{45CA120E-DF2C-4EFC-BB92-DDDF73EA85EA}"
EndProject
Global
	GlobalSection(SolutionConfigurationPlatforms) = preSolution
		Debug|Any CPU = Debug|Any CPU
		Release|Any CPU = Release|Any CPU
	EndGlobalSection
	GlobalSection(ProjectConfigurationPlatforms) = postSolution
		{45CA120E-DF2C-4EFC-BB92-DDDF73EA85EA}.Debug|Any CPU.ActiveCfg = Debug|Any CPU
		{45CA120E-DF2C-4EFC-BB92-DDDF73EA85EA}.Debug|Any CPU.Build.0 = Debug|Any CPU
		{45CA120E-DF2C-4EFC-BB92-DDDF73EA85EA}.Release|Any CPU.ActiveCfg = Release|Any CPU
		{45CA120E-DF2C-4EFC-BB92-DDDF73EA85EA}.Release|Any CPU.Build.0 = Release|Any CPU
	EndGlobalSection
	GlobalSection(SolutionProperties) = preSolution
		HideSolutionNode = FALSE
	EndGlobalSection
	GlobalSection(ExtensibilityGlobals) = postSolution
		SolutionGuid = {419AD420-8E2D-460E-9722-8412B7423943}
	EndGlobalSection
EndGlobal
